
Microsoft Visual Studio Solution File, Format Version 12.00
# Visual Studio Version 17
VisualStudioVersion = 17.11.35222.181
MinimumVisualStudioVersion = 10.0.40219.1
Project("{FAE04EC0-301F-11D3-BF4B-00C04F79EFBC}") = "Lift", "Lift\Lift.csproj", "{065DB00A-3B1D-4885-AB86-5FC021E9415B}"
EndProject
Global
	GlobalSection(SolutionConfigurationPlatforms) = preSolution
		Debug|Any CPU = Debug|Any CPU
		Release|Any CPU = Release|Any CPU
	EndGlobalSection
	GlobalSection(ProjectConfigurationPlatforms) = postSolution
		{065DB00A-3B1D-4885-AB86-5FC021E9415B}.Debug|Any CPU.ActiveCfg = Debug|Any CPU
		{065DB00A-3B1D-4885-AB86-5FC021E9415B}.Debug|Any CPU.Build.0 = Debug|Any CPU
		{065DB00A-3B1D-4885-AB86-5FC021E9415B}.Release|Any CPU.ActiveCfg = Release|Any CPU
		{065DB00A-3B1D-4885-AB86-5FC021E9415B}.Release|Any CPU.Build.0 = Release|Any CPU
	EndGlobalSection
	GlobalSection(SolutionProperties) = preSolution
		HideSolutionNode = FALSE
	EndGlobalSection
	GlobalSection(ExtensibilityGlobals) = postSolution
		SolutionGuid = {D70116DC-5969-4235-95CA-0D2432C57C33}
	EndGlobalSection
EndGlobal
